# Save slots for the story's names (tools/story/build_story.py): never reorder or delete a line.
quest keepers_apprentice
quest market_day
quest hilltop
quest meadow
quest cold_heights
quest wings
quest trailhead
quest lantern_festival
quest two_by_two
quest fig_map
quest sir_flaps
quest tea
quest cove_meet
quest cove_whiskers
quest hollow_count
quest hollow_deeper
quest hollow_warden
quest league_signup
quest league_ember
quest league_flame
quest league_blaze
quest league_starfire
quest pageant_invite
quest pageant_dazzle
quest pageant_ember
quest pageant_flame
quest pageant_blaze
quest pageant_star
flag met_narrator
flag met_rowan
flag met_maple
flag met_bram
flag met_wren
flag met_pip
flag met_sable
flag met_fig
flag met_tam
flag met_tove
flag met_linnet
flag met_madder
flag met_celestine
flag met_primrose
flag met_marigold
flag met_rook
flag met_seraphine
flag met_solenne
flag met_custard
flag met_cinder
flag nest_settled
flag nest_hatched
flag flaps_found
flag honey_taken
flag act1_done
flag once_rowan_7bfa2a4a
flag once_rowan_f63af0a2
flag once_rowan_863a6dac
flag once_rowan_fb4832ad
flag once_rowan_7f261466
flag cinder_woke
flag once_rowan_79156406
flag once_rowan_e1e462b0
flag once_rowan_0a2e152f
flag fig_friend
flag once_maple_ff0ef3fd
flag once_maple_1c9aab8b
flag once_fig_9d91294f
flag fig_told_tam
flag once_fig_11c9989c
flag once_bram_db33da1c
flag once_bram_5bfe0205
flag once_pip_e95a8b47
flag pip_rode_talk
flag once_pip_8cf241b5
flag once_wren_b69a411c
flag caught_whiskers
flag once_tam_35d991de
flag once_tove_dba44eb1
flag once_tove_e54eba31
flag once_wren_1ba6bddd
flag once_marigold_b0ba5117
flag once_rook_959c4fb9
flag once_seraphine_821d5a16
flag once_solenne_0408fd81
flag migrated
flag pageant_explained
flag dressed_up
flag look_won
flag once_celestine_55d01822
flag once_linnet_9f3765cc
flag once_primrose_009622b5
var pages_found
var pages
letter news_living_valley
letter rowan_hello
letter rowan_hilltop
letter celestine_invite
letter fig_tam
letter maple_flyer
letter pip_drawing
letter bram_present
letter sable_moonpetal
letter rowan_festival
letter cinder_note
letter fig_sketch
letter wren_flame
letter marigold_seeds
letter rook_letter
letter wren_blaze
letter seraphine_note
letter wren_starfire
letter solenne_beyond
letter tove_numbers
letter celestine_ember
letter celestine_flame
letter celestine_blaze
letter primrose_challenge
letter linnet_stock
letter tam_whiskers
letter rowan_after
